
Microsoft Visual Studio Solution File, Format Version 12.00
# Visual Studio 15
VisualStudioVersion = 15.0.28307.168
MinimumVisualStudioVersion = 10.0.40219.1
Project("{9A19103F-16F7-4668-BE54-9A1E7A4F7556}") = "BEDA", "BEDA\BEDA.csproj", "{2F00A5A5-FB7B-4F4F-B7E2-539A632B449D}"
EndProject
Project("{9A19103F-16F7-4668-BE54-9A1E7A4F7556}") = "BEDA.CIB.Samples", "BEDA.CIB.Samples\BEDA.CIB.Samples.csproj", "{281199AE-374A-42F4-8286-8DFCA8936F00}"
EndProject
Project("{2150E333-8FDC-42A3-9474-1A3956D46DE8}") = "Solution", "Solution", "{D2D5E5DE-CD7E-4945-9F2A-931FC8341704}"
EndProject
Project("{2150E333-8FDC-42A3-9474-1A3956D46DE8}") = "Samples", "Samples", "{09B1A72E-CF84-4E8D-B291-EEF8AF3A9370}"
EndProject
Project("{9A19103F-16F7-4668-BE54-9A1E7A4F7556}") = "BEDA.CIB", "BEDA.CIB\BEDA.CIB.csproj", "{DB85C48A-D80D-4DE7-9B80-341139C20589}"
EndProject
Project("{9A19103F-16F7-4668-BE54-9A1E7A4F7556}") = "BEDA.CMB", "BEDA.CMB\BEDA.CMB.csproj", "{12BA948A-C966-42E6-AE99-A7A50A6A1399}"
EndProject
Project("{9A19103F-16F7-4668-BE54-9A1E7A4F7556}") = "BEDA.CMB.Samples", "BEDA.CMB.Samples\BEDA.CMB.Samples.csproj", "{12614719-9702-4C06-9BE8-FA7B404C229B}"
EndProject
Project("{FAE04EC0-301F-11D3-BF4B-00C04F79EFBC}") = "BEDA.CITIC", "BEDA.CITIC\BEDA.CITIC.csproj", "{765AC2DE-101B-4696-8C7E-CDEF0A49482A}"
EndProject
Global
	GlobalSection(SolutionConfigurationPlatforms) = preSolution
		Debug|Any CPU = Debug|Any CPU
		Release|Any CPU = Release|Any CPU
	EndGlobalSection
	GlobalSection(ProjectConfigurationPlatforms) = postSolution
		{2F00A5A5-FB7B-4F4F-B7E2-539A632B449D}.Debug|Any CPU.ActiveCfg = Debug|Any CPU
		{2F00A5A5-FB7B-4F4F-B7E2-539A632B449D}.Debug|Any CPU.Build.0 = Debug|Any CPU
		{2F00A5A5-FB7B-4F4F-B7E2-539A632B449D}.Release|Any CPU.ActiveCfg = Release|Any CPU
		{2F00A5A5-FB7B-4F4F-B7E2-539A632B449D}.Release|Any CPU.Build.0 = Release|Any CPU
		{281199AE-374A-42F4-8286-8DFCA8936F00}.Debug|Any CPU.ActiveCfg = Debug|Any CPU
		{281199AE-374A-42F4-8286-8DFCA8936F00}.Debug|Any CPU.Build.0 = Debug|Any CPU
		{281199AE-374A-42F4-8286-8DFCA8936F00}.Release|Any CPU.ActiveCfg = Release|Any CPU
		{281199AE-374A-42F4-8286-8DFCA8936F00}.Release|Any CPU.Build.0 = Release|Any CPU
		{DB85C48A-D80D-4DE7-9B80-341139C20589}.Debug|Any CPU.ActiveCfg = Debug|Any CPU
		{DB85C48A-D80D-4DE7-9B80-341139C20589}.Debug|Any CPU.Build.0 = Debug|Any CPU
		{DB85C48A-D80D-4DE7-9B80-341139C20589}.Release|Any CPU.ActiveCfg = Release|Any CPU
		{DB85C48A-D80D-4DE7-9B80-341139C20589}.Release|Any CPU.Build.0 = Release|Any CPU
		{12BA948A-C966-42E6-AE99-A7A50A6A1399}.Debug|Any CPU.ActiveCfg = Debug|Any CPU
		{12BA948A-C966-42E6-AE99-A7A50A6A1399}.Debug|Any CPU.Build.0 = Debug|Any CPU
		{12BA948A-C966-42E6-AE99-A7A50A6A1399}.Release|Any CPU.ActiveCfg = Release|Any CPU
		{12BA948A-C966-42E6-AE99-A7A50A6A1399}.Release|Any CPU.Build.0 = Release|Any CPU
		{12614719-9702-4C06-9BE8-FA7B404C229B}.Debug|Any CPU.ActiveCfg = Debug|Any CPU
		{12614719-9702-4C06-9BE8-FA7B404C229B}.Debug|Any CPU.Build.0 = Debug|Any CPU
		{12614719-9702-4C06-9BE8-FA7B404C229B}.Release|Any CPU.ActiveCfg = Release|Any CPU
		{12614719-9702-4C06-9BE8-FA7B404C229B}.Release|Any CPU.Build.0 = Release|Any CPU
		{765AC2DE-101B-4696-8C7E-CDEF0A49482A}.Debug|Any CPU.ActiveCfg = Debug|Any CPU
		{765AC2DE-101B-4696-8C7E-CDEF0A49482A}.Debug|Any CPU.Build.0 = Debug|Any CPU
		{765AC2DE-101B-4696-8C7E-CDEF0A49482A}.Release|Any CPU.ActiveCfg = Release|Any CPU
		{765AC2DE-101B-4696-8C7E-CDEF0A49482A}.Release|Any CPU.Build.0 = Release|Any CPU
	EndGlobalSection
	GlobalSection(SolutionProperties) = preSolution
		HideSolutionNode = FALSE
	EndGlobalSection
	GlobalSection(NestedProjects) = preSolution
		{2F00A5A5-FB7B-4F4F-B7E2-539A632B449D} = {D2D5E5DE-CD7E-4945-9F2A-931FC8341704}
		{281199AE-374A-42F4-8286-8DFCA8936F00} = {09B1A72E-CF84-4E8D-B291-EEF8AF3A9370}
		{DB85C48A-D80D-4DE7-9B80-341139C20589} = {D2D5E5DE-CD7E-4945-9F2A-931FC8341704}
		{12BA948A-C966-42E6-AE99-A7A50A6A1399} = {D2D5E5DE-CD7E-4945-9F2A-931FC8341704}
		{12614719-9702-4C06-9BE8-FA7B404C229B} = {09B1A72E-CF84-4E8D-B291-EEF8AF3A9370}
		{765AC2DE-101B-4696-8C7E-CDEF0A49482A} = {D2D5E5DE-CD7E-4945-9F2A-931FC8341704}
	EndGlobalSection
	GlobalSection(ExtensibilityGlobals) = postSolution
		SolutionGuid = {CCE7D3E0-90DD-488A-B6B4-F93ED75EB4D3}
	EndGlobalSection
EndGlobal
